// !$*UTF8*$!
{
	archiveVersion = 1;
	classes = {
	};
	objectVersion = 50;
	objects = {

/* Begin PBXBuildFile section */
		CE0C12DC23877FB300BBC27D /* main.cpp in Sources */ = {isa = PBXBuildFile; fileRef = CE0C12DB23877FB300BBC27D /* main.cpp */; };
		CE0C12E62387966100BBC27D /* study01.cpp in Sources */ = {isa = PBXBuildFile; fileRef = CE0C12E42387966100BBC27D /* study01.cpp */; };
		CE0C12E92387CB6F00BBC27D /* study02.cpp in Sources */ = {isa = PBXBuildFile; fileRef = CE0C12E72387CB6F00BBC27D /* study02.cpp */; };
		CE0C13162387E67100BBC27D /* study03.cpp in Sources */ = {isa = PBXBuildFile; fileRef = CE0C13142387E67100BBC27D /* study03.cpp */; };
		CE0C13192387F7C700BBC27D /* study04.cpp in Sources */ = {isa = PBXBuildFile; fileRef = CE0C13172387F7C700BBC27D /* study04.cpp */; };
		CE0C131C2387FD3000BBC27D /* study05.cpp in Sources */ = {isa = PBXBuildFile; fileRef = CE0C131A2387FD3000BBC27D /* study05.cpp */; };
		CE0C131F2387FE3200BBC27D /* study06.cpp in Sources */ = {isa = PBXBuildFile; fileRef = CE0C131D2387FE3200BBC27D /* study06.cpp */; };
/* End PBXBuildFile section */

/* Begin PBXCopyFilesBuildPhase section */
		CE0C12D623877FB300BBC27D /* CopyFiles */ = {
			isa = PBXCopyFilesBuildPhase;
			buildActionMask = 2147483647;
			dstPath = /usr/share/man/man1/;
			dstSubfolderSpec = 0;
			files = (
			);
			runOnlyForDeploymentPostprocessing = 1;
		};
/* End PBXCopyFilesBuildPhase section */

/* Begin PBXFileReference section */
		CE0C12D823877FB300BBC27D /* CPP */ = {isa = PBXFileReference; explicitFileType = "compiled.mach-o.executable"; includeInIndex = 0; path = CPP; sourceTree = BUILT_PRODUCTS_DIR; };
		CE0C12DB23877FB300BBC27D /* main.cpp */ = {isa = PBXFileReference; lastKnownFileType = sourcecode.cpp.cpp; path = main.cpp; sourceTree = "<group>"; };
		CE0C12E42387966100BBC27D /* study01.cpp */ = {isa = PBXFileReference; lastKnownFileType = sourcecode.cpp.cpp; path = study01.cpp; sourceTree = "<group>"; };
		CE0C12E52387966100BBC27D /* study01.hpp */ = {isa = PBXFileReference; lastKnownFileType = sourcecode.cpp.h; path = study01.hpp; sourceTree = "<group>"; };
		CE0C12E72387CB6F00BBC27D /* study02.cpp */ = {isa = PBXFileReference; lastKnownFileType = sourcecode.cpp.cpp; path = study02.cpp; sourceTree = "<group>"; };
		CE0C12E82387CB6F00BBC27D /* study02.hpp */ = {isa = PBXFileReference; lastKnownFileType = sourcecode.cpp.h; path = study02.hpp; sourceTree = "<group>"; };
		CE0C13142387E67100BBC27D /* study03.cpp */ = {isa = PBXFileReference; lastKnownFileType = sourcecode.cpp.cpp; path = study03.cpp; sourceTree = "<group>"; };
		CE0C13152387E67100BBC27D /* study03.hpp */ = {isa = PBXFileReference; lastKnownFileType = sourcecode.cpp.h; path = study03.hpp; sourceTree = "<group>"; };
		CE0C13172387F7C700BBC27D /* study04.cpp */ = {isa = PBXFileReference; lastKnownFileType = sourcecode.cpp.cpp; path = study04.cpp; sourceTree = "<group>"; };
		CE0C13182387F7C700BBC27D /* study04.hpp */ = {isa = PBXFileReference; lastKnownFileType = sourcecode.cpp.h; path = study04.hpp; sourceTree = "<group>"; };
		CE0C131A2387FD3000BBC27D /* study05.cpp */ = {isa = PBXFileReference; lastKnownFileType = sourcecode.cpp.cpp; path = study05.cpp; sourceTree = "<group>"; };
		CE0C131B2387FD3000BBC27D /* study05.hpp */ = {isa = PBXFileReference; lastKnownFileType = sourcecode.cpp.h; path = study05.hpp; sourceTree = "<group>"; };
		CE0C131D2387FE3200BBC27D /* study06.cpp */ = {isa = PBXFileReference; lastKnownFileType = sourcecode.cpp.cpp; path = study06.cpp; sourceTree = "<group>"; };
		CE0C131E2387FE3200BBC27D /* study06.hpp */ = {isa = PBXFileReference; lastKnownFileType = sourcecode.cpp.h; path = study06.hpp; sourceTree = "<group>"; };
/* End PBXFileReference section */

/* Begin PBXFrameworksBuildPhase section */
		CE0C12D523877FB300BBC27D /* Frameworks */ = {
			isa = PBXFrameworksBuildPhase;
			buildActionMask = 2147483647;
			files = (
			);
			runOnlyForDeploymentPostprocessing = 0;
		};
/* End PBXFrameworksBuildPhase section */

/* Begin PBXGroup section */
		CE0C12CF23877FB300BBC27D = {
			isa = PBXGroup;
			children = (
				CE0C12DA23877FB300BBC27D /* CPP */,
				CE0C12D923877FB300BBC27D /* Products */,
			);
			sourceTree = "<group>";
		};
		CE0C12D923877FB300BBC27D /* Products */ = {
			isa = PBXGroup;
			children = (
				CE0C12D823877FB300BBC27D /* CPP */,
			);
			name = Products;
			sourceTree = "<group>";
		};
		CE0C12DA23877FB300BBC27D /* CPP */ = {
			isa = PBXGroup;
			children = (
				CE0C12DB23877FB300BBC27D /* main.cpp */,
				CE0C131E2387FE3200BBC27D /* study06.hpp */,
				CE0C131D2387FE3200BBC27D /* study06.cpp */,
				CE0C131B2387FD3000BBC27D /* study05.hpp */,
				CE0C131A2387FD3000BBC27D /* study05.cpp */,
				CE0C13182387F7C700BBC27D /* study04.hpp */,
				CE0C13172387F7C700BBC27D /* study04.cpp */,
				CE0C13152387E67100BBC27D /* study03.hpp */,
				CE0C13142387E67100BBC27D /* study03.cpp */,
				CE0C12E82387CB6F00BBC27D /* study02.hpp */,
				CE0C12E72387CB6F00BBC27D /* study02.cpp */,
				CE0C12E52387966100BBC27D /* study01.hpp */,
				CE0C12E42387966100BBC27D /* study01.cpp */,
			);
			path = CPP;
			sourceTree = "<group>";
		};
/* End PBXGroup section */

/* Begin PBXNativeTarget section */
		CE0C12D723877FB300BBC27D /* CPP */ = {
			isa = PBXNativeTarget;
			buildConfigurationList = CE0C12DF23877FB300BBC27D /* Build configuration list for PBXNativeTarget "CPP" */;
			buildPhases = (
				CE0C12D423877FB300BBC27D /* Sources */,
				CE0C12D523877FB300BBC27D /* Frameworks */,
				CE0C12D623877FB300BBC27D /* CopyFiles */,
			);
			buildRules = (
			);
			dependencies = (
			);
			name = CPP;
			productName = CPP;
			productReference = CE0C12D823877FB300BBC27D /* CPP */;
			productType = "com.apple.product-type.tool";
		};
/* End PBXNativeTarget section */

/* Begin PBXProject section */
		CE0C12D023877FB300BBC27D /* Project object */ = {
			isa = PBXProject;
			attributes = {
				LastUpgradeCheck = 1120;
				ORGANIZATIONNAME = Dio;
				TargetAttributes = {
					CE0C12D723877FB300BBC27D = {
						CreatedOnToolsVersion = 11.2.1;
					};
				};
			};
			buildConfigurationList = CE0C12D323877FB300BBC27D /* Build configuration list for PBXProject "CPP" */;
			compatibilityVersion = "Xcode 9.3";
			developmentRegion = en;
			hasScannedForEncodings = 0;
			knownRegions = (
				en,
				Base,
			);
			mainGroup = CE0C12CF23877FB300BBC27D;
			productRefGroup = CE0C12D923877FB300BBC27D /* Products */;
			projectDirPath = "";
			projectRoot = "";
			targets = (
				CE0C12D723877FB300BBC27D /* CPP */,
			);
		};
/* End PBXProject section */

/* Begin PBXSourcesBuildPhase section */
		CE0C12D423877FB300BBC27D /* Sources */ = {
			isa = PBXSourcesBuildPhase;
			buildActionMask = 2147483647;
			files = (
				CE0C131C2387FD3000BBC27D /* study05.cpp in Sources */,
				CE0C13192387F7C700BBC27D /* study04.cpp in Sources */,
				CE0C13162387E67100BBC27D /* study03.cpp in Sources */,
				CE0C12E92387CB6F00BBC27D /* study02.cpp in Sources */,
				CE0C12E62387966100BBC27D /* study01.cpp in Sources */,
				CE0C12DC23877FB300BBC27D /* main.cpp in Sources */,
				CE0C131F2387FE3200BBC27D /* study06.cpp in Sources */,
			);
			runOnlyForDeploymentPostprocessing = 0;
		};
/* End PBXSourcesBuildPhase section */

/* Begin XCBuildConfiguration section */
		CE0C12DD23877FB300BBC27D /* Debug */ = {
			isa = XCBuildConfiguration;
			buildSettings = {
				ALWAYS_SEARCH_USER_PATHS = NO;
				CLANG_ANALYZER_NONNULL = YES;
				CLANG_ANALYZER_NUMBER_OBJECT_CONVERSION = YES_AGGRESSIVE;
				CLANG_CXX_LANGUAGE_STANDARD = "gnu++14";
				CLANG_CXX_LIBRARY = "libc++";
				CLANG_ENABLE_MODULES = YES;
				CLANG_ENABLE_OBJC_ARC = YES;
				CLANG_ENABLE_OBJC_WEAK = YES;
				CLANG_WARN_BLOCK_CAPTURE_AUTORELEASING = YES;
				CLANG_WARN_BOOL_CONVERSION = YES;
				CLANG_WARN_COMMA = YES;
				CLANG_WARN_CONSTANT_CONVERSION = YES;
				CLANG_WARN_DEPRECATED_OBJC_IMPLEMENTATIONS = YES;
				CLANG_WARN_DIRECT_OBJC_ISA_USAGE = YES_ERROR;
				CLANG_WARN_DOCUMENTATION_COMMENTS = YES;
				CLANG_WARN_EMPTY_BODY = YES;
				CLANG_WARN_ENUM_CONVERSION = YES;
				CLANG_WARN_INFINITE_RECURSION = YES;
				CLANG_WARN_INT_CONVERSION = YES;
				CLANG_WARN_NON_LITERAL_NULL_CONVERSION = YES;
				CLANG_WARN_OBJC_IMPLICIT_RETAIN_SELF = YES;
				CLANG_WARN_OBJC_LITERAL_CONVERSION = YES;
				CLANG_WARN_OBJC_ROOT_CLASS = YES_ERROR;
				CLANG_WARN_RANGE_LOOP_ANALYSIS = YES;
				CLANG_WARN_STRICT_PROTOTYPES = YES;
				CLANG_WARN_SUSPICIOUS_MOVE = YES;
				CLANG_WARN_UNGUARDED_AVAILABILITY = YES_AGGRESSIVE;
				CLANG_WARN_UNREACHABLE_CODE = YES;
				CLANG_WARN__DUPLICATE_METHOD_MATCH = YES;
				COPY_PHASE_STRIP = NO;
				DEBUG_INFORMATION_FORMAT = dwarf;
				ENABLE_STRICT_OBJC_MSGSEND = YES;
				ENABLE_TESTABILITY = YES;
				GCC_C_LANGUAGE_STANDARD = gnu11;
				GCC_DYNAMIC_NO_PIC = NO;
				GCC_NO_COMMON_BLOCKS = YES;
				GCC_OPTIMIZATION_LEVEL = 0;
				GCC_PREPROCESSOR_DEFINITIONS = (
					"DEBUG=1",
					"$(inherited)",
				);
				GCC_WARN_64_TO_32_BIT_CONVERSION = YES;
				GCC_WARN_ABOUT_RETURN_TYPE = YES_ERROR;
				GCC_WARN_UNDECLARED_SELECTOR = YES;
				GCC_WARN_UNINITIALIZED_AUTOS = YES_AGGRESSIVE;
				GCC_WARN_UNUSED_FUNCTION = YES;
				GCC_WARN_UNUSED_VARIABLE = YES;
				MACOSX_DEPLOYMENT_TARGET = 10.15;
				MTL_ENABLE_DEBUG_INFO = INCLUDE_SOURCE;
				MTL_FAST_MATH = YES;
				ONLY_ACTIVE_ARCH = YES;
				SDKROOT = macosx;
			};
			name = Debug;
		};
		CE0C12DE23877FB300BBC27D /* Release */ = {
			isa = XCBuildConfiguration;
			buildSettings = {
				ALWAYS_SEARCH_USER_PATHS = NO;
				CLANG_ANALYZER_NONNULL = YES;
				CLANG_ANALYZER_NUMBER_OBJECT_CONVERSION = YES_AGGRESSIVE;
				CLANG_CXX_LANGUAGE_STANDARD = "gnu++14";
				CLANG_CXX_LIBRARY = "libc++";
				CLANG_ENABLE_MODULES = YES;
				CLANG_ENABLE_OBJC_ARC = YES;
				CLANG_ENABLE_OBJC_WEAK = YES;
				CLANG_WARN_BLOCK_CAPTURE_AUTORELEASING = YES;
				CLANG_WARN_BOOL_CONVERSION = YES;
				CLANG_WARN_COMMA = YES;
				CLANG_WARN_CONSTANT_CONVERSION = YES;
				CLANG_WARN_DEPRECATED_OBJC_IMPLEMENTATIONS = YES;
				CLANG_WARN_DIRECT_OBJC_ISA_USAGE = YES_ERROR;
				CLANG_WARN_DOCUMENTATION_COMMENTS = YES;
				CLANG_WARN_EMPTY_BODY = YES;
				CLANG_WARN_ENUM_CONVERSION = YES;
				CLANG_WARN_INFINITE_RECURSION = YES;
				CLANG_WARN_INT_CONVERSION = YES;
				CLANG_WARN_NON_LITERAL_NULL_CONVERSION = YES;
				CLANG_WARN_OBJC_IMPLICIT_RETAIN_SELF = YES;
				CLANG_WARN_OBJC_LITERAL_CONVERSION = YES;
				CLANG_WARN_OBJC_ROOT_CLASS = YES_ERROR;
				CLANG_WARN_RANGE_LOOP_ANALYSIS = YES;
				CLANG_WARN_STRICT_PROTOTYPES = YES;
				CLANG_WARN_SUSPICIOUS_MOVE = YES;
				CLANG_WARN_UNGUARDED_AVAILABILITY = YES_AGGRESSIVE;
				CLANG_WARN_UNREACHABLE_CODE = YES;
				CLANG_WARN__DUPLICATE_METHOD_MATCH = YES;
				COPY_PHASE_STRIP = NO;
				DEBUG_INFORMATION_FORMAT = "dwarf-with-dsym";
				ENABLE_NS_ASSERTIONS = NO;
				ENABLE_STRICT_OBJC_MSGSEND = YES;
				GCC_C_LANGUAGE_STANDARD = gnu11;
				GCC_NO_COMMON_BLOCKS = YES;
				GCC_WARN_64_TO_32_BIT_CONVERSION = YES;
				GCC_WARN_ABOUT_RETURN_TYPE = YES_ERROR;
				GCC_WARN_UNDECLARED_SELECTOR = YES;
				GCC_WARN_UNINITIALIZED_AUTOS = YES_AGGRESSIVE;
				GCC_WARN_UNUSED_FUNCTION = YES;
				GCC_WARN_UNUSED_VARIABLE = YES;
				MACOSX_DEPLOYMENT_TARGET = 10.15;
				MTL_ENABLE_DEBUG_INFO = NO;
				MTL_FAST_MATH = YES;
				SDKROOT = macosx;
			};
			name = Release;
		};
		CE0C12E023877FB300BBC27D /* Debug */ = {
			isa = XCBuildConfiguration;
			buildSettings = {
				CODE_SIGN_STYLE = Automatic;
				DEVELOPMENT_TEAM = 89AGS9KB98;
				ENABLE_HARDENED_RUNTIME = YES;
				PRODUCT_NAME = "$(TARGET_NAME)";
			};
			name = Debug;
		};
		CE0C12E123877FB300BBC27D /* Release */ = {
			isa = XCBuildConfiguration;
			buildSettings = {
				CODE_SIGN_STYLE = Automatic;
				DEVELOPMENT_TEAM = 89AGS9KB98;
				ENABLE_HARDENED_RUNTIME = YES;
				PRODUCT_NAME = "$(TARGET_NAME)";
			};
			name = Release;
		};
/* End XCBuildConfiguration section */

/* Begin XCConfigurationList section */
		CE0C12D323877FB300BBC27D /* Build configuration list for PBXProject "CPP" */ = {
			isa = XCConfigurationList;
			buildConfigurations = (
				CE0C12DD23877FB300BBC27D /* Debug */,
				CE0C12DE23877FB300BBC27D /* Release */,
			);
			defaultConfigurationIsVisible = 0;
			defaultConfigurationName = Release;
		};
		CE0C12DF23877FB300BBC27D /* Build configuration list for PBXNativeTarget "CPP" */ = {
			isa = XCConfigurationList;
			buildConfigurations = (
				CE0C12E023877FB300BBC27D /* Debug */,
				CE0C12E123877FB300BBC27D /* Release */,
			);
			defaultConfigurationIsVisible = 0;
			defaultConfigurationName = Release;
		};
/* End XCConfigurationList section */
	};
	rootObject = CE0C12D023877FB300BBC27D /* Project object */;
}
